
Microsoft Visual Studio Solution File, Format Version 12.00
# Visual Studio Version 17
VisualStudioVersion = 17.8.34525.116
MinimumVisualStudioVersion = 10.0.40219.1
Project("{FAE04EC0-301F-11D3-BF4B-00C04F79EFBC}") = "exerc4", "exerc4\exerc4.csproj", "{706A2BC7-F95C-405B-866D-7CEA9C002ADD}"
EndProject
Global
	GlobalSection(SolutionConfigurationPlatforms) = preSolution
		Debug|Any CPU = Debug|Any CPU
		Release|Any CPU = Release|Any CPU
	EndGlobalSection
	GlobalSection(ProjectConfigurationPlatforms) = postSolution
		{706A2BC7-F95C-405B-866D-7CEA9C002ADD}.Debug|Any CPU.ActiveCfg = Debug|Any CPU
		{706A2BC7-F95C-405B-866D-7CEA9C002ADD}.Debug|Any CPU.Build.0 = Debug|Any CPU
		{706A2BC7-F95C-405B-866D-7CEA9C002ADD}.Release|Any CPU.ActiveCfg = Release|Any CPU
		{706A2BC7-F95C-405B-866D-7CEA9C002ADD}.Release|Any CPU.Build.0 = Release|Any CPU
	EndGlobalSection
	GlobalSection(SolutionProperties) = preSolution
		HideSolutionNode = FALSE
	EndGlobalSection
	GlobalSection(ExtensibilityGlobals) = postSolution
		SolutionGuid = {F7CE087F-FC43-4D10-A27C-1B4516133BE0}
	EndGlobalSection
EndGlobal
